# THIS IS AN AUTOGENERATED FILE. DO NOT EDIT THIS FILE DIRECTLY.
# yarn lockfile v1


accepts@1.3.3:
  version "1.3.3"
  resolved "http://registry.npm.qima-inc.com/accepts/download/accepts-1.3.3.tgz#c3ca7434938648c3e0d9c1e328dd68b622c284ca"
  dependencies:
    mime-types "~2.1.11"
    negotiator "0.6.1"

accepts@^1.2.2:
  version "1.3.4"
  resolved "http://registry.npm.qima-inc.com/accepts/download/accepts-1.3.4.tgz#86246758c7dd6d21a6474ff084a4740ec05eb21f"
  dependencies:
    mime-types "~2.1.16"
    negotiator "0.6.1"

after@0.8.2:
  version "0.8.2"
  resolved "http://registry.npm.qima-inc.com/after/download/after-0.8.2.tgz#fedb394f9f0e02aa9768e702bda23b505fae7e1f"

agent-base@^4.2.1:
  version "4.3.0"
  resolved "https://registry.yarnpkg.com/agent-base/-/agent-base-4.3.0.tgz#8165f01c436009bccad0b1d122f05ed770efc6ee"
  dependencies:
    es6-promisify "^5.0.0"

any-promise@^1.0.0, any-promise@^1.1.0:
  version "1.3.0"
  resolved "http://registry.npm.qima-inc.com/any-promise/download/any-promise-1.3.0.tgz#abc6afeedcea52e809cdc0376aed3ce39635d17f"

arraybuffer.slice@0.0.6:
  version "0.0.6"
  resolved "http://registry.npm.qima-inc.com/arraybuffer.slice/download/arraybuffer.slice-0.0.6.tgz#f33b2159f0532a3f3107a272c0ccfbd1ad2979ca"

assert-plus@^1.0.0:
  version "1.0.0"
  resolved "http://registry.npm.qima-inc.com/assert-plus/download/assert-plus-1.0.0.tgz#f12e0f3c5d77b0b1cdd9146942e4e96c1e4dd525"

axios@^0.16.1:
  version "0.16.2"
  resolved "http://registry.npm.qima-inc.com/axios/download/axios-0.16.2.tgz#ba4f92f17167dfbab40983785454b9ac149c3c6d"
  dependencies:
    follow-redirects "^1.2.3"
    is-buffer "^1.1.5"

backo2@1.0.2:
  version "1.0.2"
  resolved "http://registry.npm.qima-inc.com/backo2/download/backo2-1.0.2.tgz#31ab1ac8b129363463e35b3ebb69f4dfcfba7947"

base64-arraybuffer@0.1.5:
  version "0.1.5"
  resolved "http://registry.npm.qima-inc.com/base64-arraybuffer/download/base64-arraybuffer-0.1.5.tgz#73926771923b5a19747ad666aa5cd4bf9c6e9ce8"

base64id@1.0.0:
  version "1.0.0"
  resolved "http://registry.npm.qima-inc.com/base64id/download/base64id-1.0.0.tgz#47688cb99bb6804f0e06d3e763b1c32e57d8e6b6"

better-assert@~1.0.0:
  version "1.0.2"
  resolved "http://registry.npm.qima-inc.com/better-assert/download/better-assert-1.0.2.tgz#40866b9e1b9e0b55b481894311e68faffaebc522"
  dependencies:
    callsite "1.0.0"

blob@0.0.4:
  version "0.0.4"
  resolved "http://registry.npm.qima-inc.com/blob/download/blob-0.0.4.tgz#bcf13052ca54463f30f9fc7e95b9a47630a94921"

"buffercursor@>= 0.0.12":
  version "0.0.12"
  resolved "https://registry.yarnpkg.com/buffercursor/-/buffercursor-0.0.12.tgz#78a9a7f4343ae7d820a8999acc80de591e25a779"
  dependencies:
    verror "^1.4.0"

bytes@3.0.0:
  version "3.0.0"
  resolved "http://registry.npm.qima-inc.com/bytes/download/bytes-3.0.0.tgz#d32815404d689699f85a4ea4fa8755dd13a96048"

callsite@1.0.0:
  version "1.0.0"
  resolved "http://registry.npm.qima-inc.com/callsite/download/callsite-1.0.0.tgz#280398e5d664bd74038b6f0905153e6e8af1bc20"

clamp@^1.0.1:
  version "1.0.1"
  resolved "https://registry.yarnpkg.com/clamp/-/clamp-1.0.1.tgz#66a0e64011816e37196828fdc8c8c147312c8634"

co-body@^5.1.1:
  version "5.1.1"
  resolved "http://registry.npm.qima-inc.com/co-body/download/co-body-5.1.1.tgz#d97781d1e3344ba4a820fd1806bddf8341505236"
  dependencies:
    inflation "^2.0.0"
    qs "^6.4.0"
    raw-body "^2.2.0"
    type-is "^1.6.14"

co@^4.6.0:
  version "4.6.0"
  resolved "http://registry.npm.qima-inc.com/co/download/co-4.6.0.tgz#6ea6bdf3d853ae54ccb8e47bfa0bf3f9031fb184"

commander@^2.9.0:
  version "2.13.0"
  resolved "http://registry.npm.qima-inc.com/commander/download/commander-2.13.0.tgz#6964bca67685df7c1f1430c584f07d7597885b9c"

component-bind@1.0.0:
  version "1.0.0"
  resolved "http://registry.npm.qima-inc.com/component-bind/download/component-bind-1.0.0.tgz#00c608ab7dcd93897c0009651b1d3a8e1e73bbd1"

component-emitter@1.1.2:
  version "1.1.2"
  resolved "http://registry.npm.qima-inc.com/component-emitter/download/component-emitter-1.1.2.tgz#296594f2753daa63996d2af08d15a95116c9aec3"

component-emitter@1.2.1:
  version "1.2.1"
  resolved "http://registry.npm.qima-inc.com/component-emitter/download/component-emitter-1.2.1.tgz#137918d6d78283f7df7a6b7c5a63e140e69425e6"

component-inherit@0.0.3:
  version "0.0.3"
  resolved "http://registry.npm.qima-inc.com/component-inherit/download/component-inherit-0.0.3.tgz#645fc4adf58b72b649d5cae65135619db26ff143"

content-disposition@~0.5.0:
  version "0.5.2"
  resolved "http://registry.npm.qima-inc.com/content-disposition/download/content-disposition-0.5.2.tgz#0cf68bb9ddf5f2be7961c3a85178cb85dba78cb4"

content-type@^1.0.0:
  version "1.0.4"
  resolved "http://registry.npm.qima-inc.com/content-type/download/content-type-1.0.4.tgz#e138cc75e040c727b1966fe5e5f8c9aee256fe3b"

cookie@0.3.1, cookie@^0.3.1:
  version "0.3.1"
  resolved "http://registry.npm.qima-inc.com/cookie/download/cookie-0.3.1.tgz#e7e0a1f9ef43b4c8ba925c5c5a96e806d16873bb"

cookies@~0.7.0:
  version "0.7.1"
  resolved "http://registry.npm.qima-inc.com/cookies/download/cookies-0.7.1.tgz#7c8a615f5481c61ab9f16c833731bcb8f663b99b"
  dependencies:
    depd "~1.1.1"
    keygrip "~1.0.2"

copy-dir@^0.3.0:
  version "0.3.0"
  resolved "http://registry.npm.qima-inc.com/copy-dir/download/copy-dir-0.3.0.tgz#deb2dc2fa9c9290ed47c84155a999a6d45f5a358"
  dependencies:
    mkdir-p "~0.0.4"

core-util-is@1.0.2, core-util-is@~1.0.0:
  version "1.0.2"
  resolved "http://registry.npm.qima-inc.com/core-util-is/download/core-util-is-1.0.2.tgz#b5fd54220aa2bc5ab57aab7140c940754503c1a7"

date-format@^0.0.0:
  version "0.0.0"
  resolved "http://registry.npm.qima-inc.com/date-format/download/date-format-0.0.0.tgz#09206863ab070eb459acea5542cbd856b11966b3"

debug@*, debug@^3.1.0:
  version "3.1.0"
  resolved "http://registry.npm.qima-inc.com/debug/download/debug-3.1.0.tgz#5bb5a0672628b64149566ba16819e61518c67261"
  dependencies:
    ms "2.0.0"

debug@2.2.0:
  version "2.2.0"
  resolved "http://registry.npm.qima-inc.com/debug/download/debug-2.2.0.tgz#f87057e995b1a1f6ae6a4960664137bc56f039da"
  dependencies:
    ms "0.7.1"

debug@2.3.3:
  version "2.3.3"
  resolved "http://registry.npm.qima-inc.com/debug/download/debug-2.3.3.tgz#40c453e67e6e13c901ddec317af8986cda9eff8c"
  dependencies:
    ms "0.7.2"

debug@^0.7.2:
  version "0.7.4"
  resolved "http://registry.npm.qima-inc.com/debug/download/debug-0.7.4.tgz#06e1ea8082c2cb14e39806e22e2f6f757f92af39"

debug@^2.2.0, debug@^2.6.3, debug@^2.6.8:
  version "2.6.9"
  resolved "http://registry.npm.qima-inc.com/debug/download/debug-2.6.9.tgz#5d128515df134ff327e90a4c93f4e077a536341f"
  dependencies:
    ms "2.0.0"

deep-equal@~1.0.1:
  version "1.0.1"
  resolved "http://registry.npm.qima-inc.com/deep-equal/download/deep-equal-1.0.1.tgz#f5d260292b660e084eff4cdbc9f08ad3247448b5"

delegates@^1.0.0:
  version "1.0.0"
  resolved "http://registry.npm.qima-inc.com/delegates/download/delegates-1.0.0.tgz#84c6e159b81904fdca59a0ef44cd870d31250f9a"

depd@1.1.1:
  version "1.1.1"
  resolved "http://registry.npm.qima-inc.com/depd/download/depd-1.1.1.tgz#5783b4e1c459f06fa5ca27f991f3d06e7a310359"

depd@^1.1.0, depd@~1.1.1:
  version "1.1.2"
  resolved "http://registry.npm.qima-inc.com/depd/download/depd-1.1.2.tgz#9bcd52e14c097763e749b274c4346ed2e560b5a9"

destroy@^1.0.3:
  version "1.0.4"
  resolved "http://registry.npm.qima-inc.com/destroy/download/destroy-1.0.4.tgz#978857442c44749e4206613e37946205826abd80"

ee-first@1.1.1:
  version "1.1.1"
  resolved "http://registry.npm.qima-inc.com/ee-first/download/ee-first-1.1.1.tgz#590c61156b0ae2f4f0255732a158b266bc56b21d"

engine.io-client@~1.8.4:
  version "1.8.5"
  resolved "http://registry.npm.qima-inc.com/engine.io-client/download/engine.io-client-1.8.5.tgz#fe7fb60cb0dcf2fa2859489329cb5968dedeb11f"
  dependencies:
    component-emitter "1.2.1"
    component-inherit "0.0.3"
    debug "2.3.3"
    engine.io-parser "1.3.2"
    has-cors "1.1.0"
    indexof "0.0.1"
    parsejson "0.0.3"
    parseqs "0.0.5"
    parseuri "0.0.5"
    ws "~1.1.5"
    xmlhttprequest-ssl "1.5.3"
    yeast "0.1.2"

engine.io-parser@1.3.2:
  version "1.3.2"
  resolved "http://registry.npm.qima-inc.com/engine.io-parser/download/engine.io-parser-1.3.2.tgz#937b079f0007d0893ec56d46cb220b8cb435220a"
  dependencies:
    after "0.8.2"
    arraybuffer.slice "0.0.6"
    base64-arraybuffer "0.1.5"
    blob "0.0.4"
    has-binary "0.1.7"
    wtf-8 "1.0.0"

engine.io@~1.8.4:
  version "1.8.5"
  resolved "http://registry.npm.qima-inc.com/engine.io/download/engine.io-1.8.5.tgz#4ebe5e75c6dc123dee4afdce6e5fdced21eb93f6"
  dependencies:
    accepts "1.3.3"
    base64id "1.0.0"
    cookie "0.3.1"
    debug "2.3.3"
    engine.io-parser "1.3.2"
    ws "~1.1.5"

error-inject@~1.0.0:
  version "1.0.0"
  resolved "http://registry.npm.qima-inc.com/error-inject/download/error-inject-1.0.0.tgz#e2b3d91b54aed672f309d950d154850fa11d4f37"

es6-promise@^4.0.3:
  version "4.2.8"
  resolved "https://registry.yarnpkg.com/es6-promise/-/es6-promise-4.2.8.tgz#4eb21594c972bc40553d276e510539143db53e0a"

es6-promisify@^5.0.0:
  version "5.0.0"
  resolved "https://registry.yarnpkg.com/es6-promisify/-/es6-promisify-5.0.0.tgz#5109d62f3e56ea967c4b63505aef08291c8a5203"
  dependencies:
    es6-promise "^4.0.3"

escape-html@~1.0.1:
  version "1.0.3"
  resolved "http://registry.npm.qima-inc.com/escape-html/download/escape-html-1.0.3.tgz#0258eae4d3d0c0974de1c169188ef0051d1d1988"

eventemitter3@1.x.x:
  version "1.2.0"
  resolved "http://registry.npm.qima-inc.com/eventemitter3/download/eventemitter3-1.2.0.tgz#1c86991d816ad1e504750e73874224ecf3bec508"

extsprintf@^1.2.0:
  version "1.4.0"
  resolved "http://registry.npm.qima-inc.com/extsprintf/download/extsprintf-1.4.0.tgz#e2689f8f356fad62cca65a3a91c5df5f9551692f"

follow-redirects@^1.2.3:
  version "1.3.0"
  resolved "http://registry.npm.qima-inc.com/follow-redirects/download/follow-redirects-1.3.0.tgz#f684871fc116d2e329fda55ef67687f4fabc905c"
  dependencies:
    debug "^3.1.0"

formidable@^1.1.1:
  version "1.1.1"
  resolved "http://registry.npm.qima-inc.com/formidable/download/formidable-1.1.1.tgz#96b8886f7c3c3508b932d6bd70c4d3a88f35f1a9"

fresh@^0.5.2:
  version "0.5.2"
  resolved "http://registry.npm.qima-inc.com/fresh/download/fresh-0.5.2.tgz#3d8cadd90d976569fa835ab1f8e4b23a105605a7"

get-port@^3.2.0:
  version "3.2.0"
  resolved "http://registry.npm.qima-inc.com/get-port/download/get-port-3.2.0.tgz#dd7ce7de187c06c8bf353796ac71e099f0980ebc"

graceful-fs@^4.1.6:
  version "4.1.11"
  resolved "http://registry.npm.qima-inc.com/graceful-fs/download/graceful-fs-4.1.11.tgz#0e8bdfe4d1ddb8854d64e04ea7c00e2a026e5658"

growly@^1.3.0:
  version "1.3.0"
  resolved "http://registry.npm.qima-inc.com/growly/download/growly-1.3.0.tgz#f10748cbe76af964b7c96c93c6bcc28af120c081"

has-binary@0.1.7:
  version "0.1.7"
  resolved "http://registry.npm.qima-inc.com/has-binary/download/has-binary-0.1.7.tgz#68e61eb16210c9545a0a5cce06a873912fe1e68c"
  dependencies:
    isarray "0.0.1"

has-cors@1.1.0:
  version "1.1.0"
  resolved "http://registry.npm.qima-inc.com/has-cors/download/has-cors-1.1.0.tgz#5e474793f7ea9843d1bb99c23eef49ff126fff39"

has-symbols@^1.0.1:
  version "1.0.2"
  resolved "https://registry.yarnpkg.com/has-symbols/-/has-symbols-1.0.2.tgz#165d3070c00309752a1236a479331e3ac56f1423"

http-assert@^1.1.0:
  version "1.3.0"
  resolved "http://registry.npm.qima-inc.com/http-assert/download/http-assert-1.3.0.tgz#a31a5cf88c873ecbb5796907d4d6f132e8c01e4a"
  dependencies:
    deep-equal "~1.0.1"
    http-errors "~1.6.1"

http-errors@1.6.2, http-errors@^1.2.8, http-errors@^1.3.1, http-errors@^1.6.1, http-errors@~1.6.1:
  version "1.6.2"
  resolved "http://registry.npm.qima-inc.com/http-errors/download/http-errors-1.6.2.tgz#0a002cc85707192a7e7946ceedc11155f60ec736"
  dependencies:
    depd "1.1.1"
    inherits "2.0.3"
    setprototypeof "1.0.3"
    statuses ">= 1.3.1 < 2"

http-errors@~1.5.0:
  version "1.5.1"
  resolved "http://registry.npm.qima-inc.com/http-errors/download/http-errors-1.5.1.tgz#788c0d2c1de2c81b9e6e8c01843b6b97eb920750"
  dependencies:
    inherits "2.0.3"
    setprototypeof "1.0.2"
    statuses ">= 1.3.1 < 2"

http-proxy@^1.16.2:
  version "1.16.2"
  resolved "http://registry.npm.qima-inc.com/http-proxy/download/http-proxy-1.16.2.tgz#06dff292952bf64dbe8471fa9df73066d4f37742"
  dependencies:
    eventemitter3 "1.x.x"
    requires-port "1.x.x"

iconv-lite@0.4.19:
  version "0.4.19"
  resolved "http://registry.npm.qima-inc.com/iconv-lite/download/iconv-lite-0.4.19.tgz#f7468f60135f5e5dad3399c0a81be9a1603a082b"

indexof@0.0.1:
  version "0.0.1"
  resolved "http://registry.npm.qima-inc.com/indexof/download/indexof-0.0.1.tgz#82dc336d232b9062179d05ab3293a66059fd435d"

inflation@^2.0.0:
  version "2.0.0"
  resolved "http://registry.npm.qima-inc.com/inflation/download/inflation-2.0.0.tgz#8b417e47c28f925a45133d914ca1fd389107f30f"

inherits@2.0.3, inherits@~2.0.1:
  version "2.0.3"
  resolved "http://registry.npm.qima-inc.com/inherits/download/inherits-2.0.3.tgz#633c2c83e3da42a502f52466022480f4208261de"

ip-address@^5.8.9:
  version "5.9.4"
  resolved "https://registry.yarnpkg.com/ip-address/-/ip-address-5.9.4.tgz#4660ac261ad61bd397a860a007f7e98e4eaee386"
  dependencies:
    jsbn "1.1.0"
    lodash "^4.17.15"
    sprintf-js "1.1.2"

ip@^0.3.2:
  version "0.3.3"
  resolved "http://registry.npm.qima-inc.com/ip/download/ip-0.3.3.tgz#8ee8309e92f0b040d287f72efaca1a21702d3fb4"

ip@^1.1.5:
  version "1.1.5"
  resolved "https://registry.yarnpkg.com/ip/-/ip-1.1.5.tgz#bdded70114290828c0a039e72ef25f5aaec4354a"

"ipaddr.js@>= 0.1.1":
  version "2.0.0"
  resolved "https://registry.yarnpkg.com/ipaddr.js/-/ipaddr.js-2.0.0.tgz#77ccccc8063ae71ab65c55f21b090698e763fc6e"

is-buffer@^1.1.5:
  version "1.1.6"
  resolved "http://registry.npm.qima-inc.com/is-buffer/download/is-buffer-1.1.6.tgz#efaa2ea9daa0d7ab2ea13a97b2b8ad51fefbe8be"

is-function@^1.0.1:
  version "1.0.2"
  resolved "https://registry.yarnpkg.com/is-function/-/is-function-1.0.2.tgz#4f097f30abf6efadac9833b17ca5dc03f8144e08"

is-generator-function@^1.0.3:
  version "1.0.7"
  resolved "http://registry.npm.qima-inc.com/is-generator-function/download/is-generator-function-1.0.7.tgz#d2132e529bb0000a7f80794d4bdf5cd5e5813522"

is-nil@^1.0.0:
  version "1.0.1"
  resolved "https://registry.yarnpkg.com/is-nil/-/is-nil-1.0.1.tgz#2daba29e0b585063875e7b539d071f5b15937969"

is-object@^1.0.1:
  version "1.0.2"
  resolved "https://registry.yarnpkg.com/is-object/-/is-object-1.0.2.tgz#a56552e1c665c9e950b4a025461da87e72f86fcf"

is-symbol@^1.0.1:
  version "1.0.3"
  resolved "https://registry.yarnpkg.com/is-symbol/-/is-symbol-1.0.3.tgz#38e1014b9e6329be0de9d24a414fd7441ec61937"
  dependencies:
    has-symbols "^1.0.1"

isarray@0.0.1:
  version "0.0.1"
  resolved "http://registry.npm.qima-inc.com/isarray/download/isarray-0.0.1.tgz#8a18acfca9a8f4177e09abfc6038939b05d1eedf"

isexe@^2.0.0:
  version "2.0.0"
  resolved "http://registry.npm.qima-inc.com/isexe/download/isexe-2.0.0.tgz#e8fbf374dc556ff8947a10dcb0572d633f2cfa10"

jsbn@1.1.0:
  version "1.1.0"
  resolved "https://registry.yarnpkg.com/jsbn/-/jsbn-1.1.0.tgz#b01307cb29b618a1ed26ec79e911f803c4da0040"

json3@3.3.2:
  version "3.3.2"
  resolved "http://registry.npm.qima-inc.com/json3/download/json3-3.3.2.tgz#3c0434743df93e2f5c42aee7b19bcb483575f4e1"

jsonfile@^2.4.0:
  version "2.4.0"
  resolved "http://registry.npm.qima-inc.com/jsonfile/download/jsonfile-2.4.0.tgz#3736a2b428b87bbda0cc83b53fa3d633a35c2ae8"
  optionalDependencies:
    graceful-fs "^4.1.6"

keygrip@~1.0.2:
  version "1.0.2"
  resolved "http://registry.npm.qima-inc.com/keygrip/download/keygrip-1.0.2.tgz#ad3297c557069dea8bcfe7a4fa491b75c5ddeb91"

koa-body@^2.3.0:
  version "2.5.0"
  resolved "http://registry.npm.qima-inc.com/koa-body/download/koa-body-2.5.0.tgz#84e8fcd8d5229a8cc1cb98a926e939069e716915"
  dependencies:
    co-body "^5.1.1"
    formidable "^1.1.1"

koa-compose@^3.0.0:
  version "3.2.1"
  resolved "http://registry.npm.qima-inc.com/koa-compose/download/koa-compose-3.2.1.tgz#a85ccb40b7d986d8e5a345b3a1ace8eabcf54de7"
  dependencies:
    any-promise "^1.1.0"

koa-compose@^4.0.0:
  version "4.0.0"
  resolved "http://registry.npm.qima-inc.com/koa-compose/download/koa-compose-4.0.0.tgz#2800a513d9c361ef0d63852b038e4f6f2d5a773c"

koa-convert@^1.2.0:
  version "1.2.0"
  resolved "http://registry.npm.qima-inc.com/koa-convert/download/koa-convert-1.2.0.tgz#da40875df49de0539098d1700b50820cebcd21d0"
  dependencies:
    co "^4.6.0"
    koa-compose "^3.0.0"

koa-is-json@^1.0.0:
  version "1.0.0"
  resolved "http://registry.npm.qima-inc.com/koa-is-json/download/koa-is-json-1.0.0.tgz#273c07edcdcb8df6a2c1ab7d59ee76491451ec14"

koa-qs@^2.0.0:
  version "2.0.0"
  resolved "http://registry.npm.qima-inc.com/koa-qs/download/koa-qs-2.0.0.tgz#18d16b43508a541f092e514351dc09563a48819f"
  dependencies:
    merge-descriptors "~0.0.2"
    qs "~2.3.3"

koa-router@^7.2.1:
  version "7.3.0"
  resolved "http://registry.npm.qima-inc.com/koa-router/download/koa-router-7.3.0.tgz#241f0449ac5cd1071831a9a3d80b521fafb6baa1"
  dependencies:
    debug "^3.1.0"
    http-errors "^1.3.1"
    koa-compose "^3.0.0"
    methods "^1.0.1"
    path-to-regexp "^1.1.1"
    urijs "^1.19.0"

koa-send@^4.1.0:
  version "4.1.2"
  resolved "http://registry.npm.qima-inc.com/koa-send/download/koa-send-4.1.2.tgz#92861d184c4d8458a54f92e6708e09b14d64111c"
  dependencies:
    debug "^2.6.3"
    http-errors "^1.6.1"
    mz "^2.6.0"
    resolve-path "^1.3.3"

koa-static@^4.0.1:
  version "4.0.2"
  resolved "http://registry.npm.qima-inc.com/koa-static/download/koa-static-4.0.2.tgz#6cda92d88d771dcaad9f0d825cd94a631c861a1a"
  dependencies:
    debug "^2.6.8"
    koa-send "^4.1.0"

koa@^2.3.0:
  version "2.4.1"
  resolved "http://registry.npm.qima-inc.com/koa/download/koa-2.4.1.tgz#d449cfb970a7e9da571f699eda40bb9e32eb1484"
  dependencies:
    accepts "^1.2.2"
    content-disposition "~0.5.0"
    content-type "^1.0.0"
    cookies "~0.7.0"
    debug "*"
    delegates "^1.0.0"
    depd "^1.1.0"
    destroy "^1.0.3"
    error-inject "~1.0.0"
    escape-html "~1.0.1"
    fresh "^0.5.2"
    http-assert "^1.1.0"
    http-errors "^1.2.8"
    is-generator-function "^1.0.3"
    koa-compose "^4.0.0"
    koa-convert "^1.2.0"
    koa-is-json "^1.0.0"
    mime-types "^2.0.7"
    on-finished "^2.1.0"
    only "0.0.2"
    parseurl "^1.3.0"
    statuses "^1.2.0"
    type-is "^1.5.5"
    vary "^1.0.0"

lodash@^4.17.15:
  version "4.17.21"
  resolved "https://registry.yarnpkg.com/lodash/-/lodash-4.17.21.tgz#679591c564c3bffaae8454cf0b3df370c3d6911c"

lodash@^4.17.2:
  version "4.17.4"
  resolved "http://registry.npm.qima-inc.com/lodash/download/lodash-4.17.4.tgz#78203a4d1c328ae1d86dca6460e369b57f4055ae"

log4js@^1.1.0:
  version "1.1.1"
  resolved "http://registry.npm.qima-inc.com/log4js/download/log4js-1.1.1.tgz#c21d29c7604089e4f255833e7f94b3461de1ff43"
  dependencies:
    debug "^2.2.0"
    semver "^5.3.0"
    streamroller "^0.4.0"

lru-cache@^4.0.2:
  version "4.1.1"
  resolved "http://registry.npm.qima-inc.com/lru-cache/download/lru-cache-4.1.1.tgz#622e32e82488b49279114a4f9ecf45e7cd6bba55"
  dependencies:
    pseudomap "^1.0.2"
    yallist "^2.1.2"

max-safe-int@^1.0.0:
  version "1.0.0"
  resolved "https://registry.yarnpkg.com/max-safe-int/-/max-safe-int-1.0.0.tgz#44fba8ec993ded91fb2c5a35e71cf9c9f369ce52"

media-typer@0.3.0:
  version "0.3.0"
  resolved "http://registry.npm.qima-inc.com/media-typer/download/media-typer-0.3.0.tgz#8710d7af0aa626f8fffa1ce00168545263255748"

merge-descriptors@~0.0.2:
  version "0.0.2"
  resolved "http://registry.npm.qima-inc.com/merge-descriptors/download/merge-descriptors-0.0.2.tgz#c36a52a781437513c57275f39dd9d317514ac8c7"

methods@^1.0.1:
  version "1.1.2"
  resolved "http://registry.npm.qima-inc.com/methods/download/methods-1.1.2.tgz#5529a4d67654134edcc5266656835b0f851afcee"

mime-db@~1.30.0:
  version "1.30.0"
  resolved "http://registry.npm.qima-inc.com/mime-db/download/mime-db-1.30.0.tgz#74c643da2dd9d6a45399963465b26d5ca7d71f01"

mime-types@^2.0.7, mime-types@~2.1.11, mime-types@~2.1.15, mime-types@~2.1.16:
  version "2.1.17"
  resolved "http://registry.npm.qima-inc.com/mime-types/download/mime-types-2.1.17.tgz#09d7a393f03e995a79f8af857b70a9e0ab16557a"
  dependencies:
    mime-db "~1.30.0"

mime@^1.3.4:
  version "1.6.0"
  resolved "http://registry.npm.qima-inc.com/mime/download/mime-1.6.0.tgz#32cd9e5c64553bd58d19a568af452acff04981b1"

minimist@0.0.8:
  version "0.0.8"
  resolved "http://registry.npm.qima-inc.com/minimist/download/minimist-0.0.8.tgz#857fcabfc3397d2625b8228262e86aa7a011b05d"

mkdir-p@~0.0.4:
  version "0.0.7"
  resolved "http://registry.npm.qima-inc.com/mkdir-p/download/mkdir-p-0.0.7.tgz#24c5dbe26da3a99ef158a1eef9a5c2dd9de5683c"

mkdirp@^0.5.1:
  version "0.5.1"
  resolved "http://registry.npm.qima-inc.com/mkdirp/download/mkdirp-0.5.1.tgz#30057438eac6cf7f8c4767f38648d6697d75c903"
  dependencies:
    minimist "0.0.8"

ms@0.7.1:
  version "0.7.1"
  resolved "http://registry.npm.qima-inc.com/ms/download/ms-0.7.1.tgz#9cd13c03adbff25b65effde7ce864ee952017098"

ms@0.7.2:
  version "0.7.2"
  resolved "http://registry.npm.qima-inc.com/ms/download/ms-0.7.2.tgz#ae25cf2512b3885a1d95d7f037868d8431124765"

ms@2.0.0:
  version "2.0.0"
  resolved "http://registry.npm.qima-inc.com/ms/download/ms-2.0.0.tgz#5608aeadfc00be6c2901df5f9861788de0d597c8"

mz@^2.6.0:
  version "2.7.0"
  resolved "http://registry.npm.qima-inc.com/mz/download/mz-2.7.0.tgz#95008057a56cafadc2bc63dde7f9ff6955948e32"
  dependencies:
    any-promise "^1.0.0"
    object-assign "^4.0.1"
    thenify-all "^1.0.0"

native-dns-packet@^0.1.1:
  version "0.1.1"
  resolved "https://registry.yarnpkg.com/native-dns-packet/-/native-dns-packet-0.1.1.tgz#97da90570b8438a00194701ce24d011fd3cc109a"
  dependencies:
    buffercursor ">= 0.0.12"
    ipaddr.js ">= 0.1.1"

negotiator@0.6.1:
  version "0.6.1"
  resolved "http://registry.npm.qima-inc.com/negotiator/download/negotiator-0.6.1.tgz#2b327184e8992101177b28563fb5e7102acd0ca9"

node-forge@^0.9.0:
  version "0.9.2"
  resolved "https://registry.yarnpkg.com/node-forge/-/node-forge-0.9.2.tgz#b35a44c28889b2ea55cabf8c79e3563f9676190a"

node-notifier@^5.1.2:
  version "5.2.1"
  resolved "http://registry.npm.qima-inc.com/node-notifier/download/node-notifier-5.2.1.tgz#fa313dd08f5517db0e2502e5758d664ac69f9dea"
  dependencies:
    growly "^1.3.0"
    semver "^5.4.1"
    shellwords "^0.1.1"
    which "^1.3.0"

object-assign@4.1.0:
  version "4.1.0"
  resolved "http://registry.npm.qima-inc.com/object-assign/download/object-assign-4.1.0.tgz#7a3b3d0e98063d43f4c03f2e8ae6cd51a86883a0"

object-assign@^4.0.1, object-assign@^4.1.0:
  version "4.1.1"
  resolved "http://registry.npm.qima-inc.com/object-assign/download/object-assign-4.1.1.tgz#2109adc7965887cfc05cbbd442cac8bfbb360863"

object-component@0.0.3:
  version "0.0.3"
  resolved "http://registry.npm.qima-inc.com/object-component/download/object-component-0.0.3.tgz#f0c69aa50efc95b866c186f400a33769cb2f1291"

on-finished@^2.1.0:
  version "2.3.0"
  resolved "http://registry.npm.qima-inc.com/on-finished/download/on-finished-2.3.0.tgz#20f1336481b083cd75337992a16971aa2d906947"
  dependencies:
    ee-first "1.1.1"

only@0.0.2:
  version "0.0.2"
  resolved "http://registry.npm.qima-inc.com/only/download/only-0.0.2.tgz#2afde84d03e50b9a8edc444e30610a70295edfb4"

options@>=0.0.5:
  version "0.0.6"
  resolved "http://registry.npm.qima-inc.com/options/download/options-0.0.6.tgz#ec22d312806bb53e731773e7cdaefcf1c643128f"

parse-domain@^1.1.0:
  version "1.2.0"
  resolved "http://registry.npm.qima-inc.com/parse-domain/download/parse-domain-1.2.0.tgz#f3a28f3e103fa9cff8a4761eb7208f9596f29bc9"

parsejson@0.0.3:
  version "0.0.3"
  resolved "http://registry.npm.qima-inc.com/parsejson/download/parsejson-0.0.3.tgz#ab7e3759f209ece99437973f7d0f1f64ae0e64ab"
  dependencies:
    better-assert "~1.0.0"

parseqs@0.0.5:
  version "0.0.5"
  resolved "http://registry.npm.qima-inc.com/parseqs/download/parseqs-0.0.5.tgz#d5208a3738e46766e291ba2ea173684921a8b89d"
  dependencies:
    better-assert "~1.0.0"

parseuri@0.0.5:
  version "0.0.5"
  resolved "http://registry.npm.qima-inc.com/parseuri/download/parseuri-0.0.5.tgz#80204a50d4dbb779bfdc6ebe2778d90e4bce320a"
  dependencies:
    better-assert "~1.0.0"

parseurl@^1.3.0:
  version "1.3.2"
  resolved "http://registry.npm.qima-inc.com/parseurl/download/parseurl-1.3.2.tgz#fc289d4ed8993119460c156253262cdc8de65bf3"

path-is-absolute@1.0.1:
  version "1.0.1"
  resolved "http://registry.npm.qima-inc.com/path-is-absolute/download/path-is-absolute-1.0.1.tgz#174b9268735534ffbc7ace6bf53a5a9e1b5c5f5f"

path-to-regexp@^1.1.1:
  version "1.7.0"
  resolved "http://registry.npm.qima-inc.com/path-to-regexp/download/path-to-regexp-1.7.0.tgz#59fde0f435badacba103a84e9d3bc64e96b9937d"
  dependencies:
    isarray "0.0.1"

pseudomap@^1.0.2:
  version "1.0.2"
  resolved "http://registry.npm.qima-inc.com/pseudomap/download/pseudomap-1.0.2.tgz#f052a28da70e618917ef0a8ac34c1ae5a68286b3"

qs@^6.4.0:
  version "6.5.1"
  resolved "http://registry.npm.qima-inc.com/qs/download/qs-6.5.1.tgz#349cdf6eef89ec45c12d7d5eb3fc0c870343a6d8"

qs@~2.3.3:
  version "2.3.3"
  resolved "http://registry.npm.qima-inc.com/qs/download/qs-2.3.3.tgz#e9e85adbe75da0bbe4c8e0476a086290f863b404"

query-string@^4.3.4:
  version "4.3.4"
  resolved "http://registry.npm.qima-inc.com/query-string/download/query-string-4.3.4.tgz#bbb693b9ca915c232515b228b1a02b609043dbeb"
  dependencies:
    object-assign "^4.1.0"
    strict-uri-encode "^1.0.0"

random-integral@^1.0.3:
  version "1.0.3"
  resolved "https://registry.yarnpkg.com/random-integral/-/random-integral-1.0.3.tgz#8ff3c117565c9a04b66ddd559f3aed29bd0f0f6c"
  dependencies:
    clamp "^1.0.1"
    max-safe-int "^1.0.0"
    to-integer "^1.0.1"

random-ipv4@^1.0.2:
  version "1.0.2"
  resolved "https://registry.yarnpkg.com/random-ipv4/-/random-ipv4-1.0.2.tgz#ce68bad9c8178cf1d2438e46db2b687bb6894006"
  dependencies:
    clamp "^1.0.1"
    random-natural "^1.0.3"

random-natural@^1.0.3:
  version "1.0.3"
  resolved "https://registry.yarnpkg.com/random-natural/-/random-natural-1.0.3.tgz#ef28615b03c2cb71aaebf7f24f487266a443c5c0"
  dependencies:
    max-safe-int "^1.0.0"
    random-integral "^1.0.3"

raw-body@^2.2.0:
  version "2.3.2"
  resolved "http://registry.npm.qima-inc.com/raw-body/download/raw-body-2.3.2.tgz#bcd60c77d3eb93cde0050295c3f379389bc88f89"
  dependencies:
    bytes "3.0.0"
    http-errors "1.6.2"
    iconv-lite "0.4.19"
    unpipe "1.0.0"

readable-stream@^1.1.7:
  version "1.1.14"
  resolved "http://registry.npm.qima-inc.com/readable-stream/download/readable-stream-1.1.14.tgz#7cf4c54ef648e3813084c636dd2079e166c081d9"
  dependencies:
    core-util-is "~1.0.0"
    inherits "~2.0.1"
    isarray "0.0.1"
    string_decoder "~0.10.x"

requires-port@1.x.x:
  version "1.0.0"
  resolved "http://registry.npm.qima-inc.com/requires-port/download/requires-port-1.0.0.tgz#925d2601d39ac485e091cf0da5c6e694dc3dcaff"

resolve-path@^1.3.3:
  version "1.3.3"
  resolved "http://registry.npm.qima-inc.com/resolve-path/download/resolve-path-1.3.3.tgz#4d83aba6468c2b8e632a575e3f52b0fa0dbe1a5c"
  dependencies:
    http-errors "~1.5.0"
    path-is-absolute "1.0.1"

semver@^5.3.0, semver@^5.4.1:
  version "5.4.1"
  resolved "http://registry.npm.qima-inc.com/semver/download/semver-5.4.1.tgz#e059c09d8571f0540823733433505d3a2f00b18e"

setprototypeof@1.0.2:
  version "1.0.2"
  resolved "http://registry.npm.qima-inc.com/setprototypeof/download/setprototypeof-1.0.2.tgz#81a552141ec104b88e89ce383103ad5c66564d08"

setprototypeof@1.0.3:
  version "1.0.3"
  resolved "http://registry.npm.qima-inc.com/setprototypeof/download/setprototypeof-1.0.3.tgz#66567e37043eeb4f04d91bd658c0cbefb55b8e04"

shellwords@^0.1.1:
  version "0.1.1"
  resolved "http://registry.npm.qima-inc.com/shellwords/download/shellwords-0.1.1.tgz#d6b9181c1a48d397324c84871efbcfc73fc0654b"

smart-buffer@^4.1.0:
  version "4.1.0"
  resolved "https://registry.yarnpkg.com/smart-buffer/-/smart-buffer-4.1.0.tgz#91605c25d91652f4661ea69ccf45f1b331ca21ba"

socket.io-adapter@0.5.0:
  version "0.5.0"
  resolved "http://registry.npm.qima-inc.com/socket.io-adapter/download/socket.io-adapter-0.5.0.tgz#cb6d4bb8bec81e1078b99677f9ced0046066bb8b"
  dependencies:
    debug "2.3.3"
    socket.io-parser "2.3.1"

socket.io-client@1.7.4:
  version "1.7.4"
  resolved "http://registry.npm.qima-inc.com/socket.io-client/download/socket.io-client-1.7.4.tgz#ec9f820356ed99ef6d357f0756d648717bdd4281"
  dependencies:
    backo2 "1.0.2"
    component-bind "1.0.0"
    component-emitter "1.2.1"
    debug "2.3.3"
    engine.io-client "~1.8.4"
    has-binary "0.1.7"
    indexof "0.0.1"
    object-component "0.0.3"
    parseuri "0.0.5"
    socket.io-parser "2.3.1"
    to-array "0.1.4"

socket.io-parser@2.3.1:
  version "2.3.1"
  resolved "http://registry.npm.qima-inc.com/socket.io-parser/download/socket.io-parser-2.3.1.tgz#dd532025103ce429697326befd64005fcfe5b4a0"
  dependencies:
    component-emitter "1.1.2"
    debug "2.2.0"
    isarray "0.0.1"
    json3 "3.3.2"

socket.io@^1.7.3:
  version "1.7.4"
  resolved "http://registry.npm.qima-inc.com/socket.io/download/socket.io-1.7.4.tgz#2f7ecedc3391bf2d5c73e291fe233e6e34d4dd00"
  dependencies:
    debug "2.3.3"
    engine.io "~1.8.4"
    has-binary "0.1.7"
    object-assign "4.1.0"
    socket.io-adapter "0.5.0"
    socket.io-client "1.7.4"
    socket.io-parser "2.3.1"

socks@^2.2.2:
  version "2.5.1"
  resolved "https://registry.yarnpkg.com/socks/-/socks-2.5.1.tgz#7720640b6b5ec9a07d556419203baa3f0596df5f"
  dependencies:
    ip "^1.1.5"
    smart-buffer "^4.1.0"

sprintf-js@1.1.2:
  version "1.1.2"
  resolved "https://registry.yarnpkg.com/sprintf-js/-/sprintf-js-1.1.2.tgz#da1765262bf8c0f571749f2ad6c26300207ae673"

"statuses@>= 1.3.1 < 2", statuses@^1.2.0:
  version "1.4.0"
  resolved "http://registry.npm.qima-inc.com/statuses/download/statuses-1.4.0.tgz#bb73d446da2796106efcc1b601a253d6c46bd087"

streamroller@^0.4.0:
  version "0.4.1"
  resolved "http://registry.npm.qima-inc.com/streamroller/download/streamroller-0.4.1.tgz#d435bd5974373abd9bd9068359513085106cc05f"
  dependencies:
    date-format "^0.0.0"
    debug "^0.7.2"
    mkdirp "^0.5.1"
    readable-stream "^1.1.7"

strict-uri-encode@^1.0.0:
  version "1.1.0"
  resolved "http://registry.npm.qima-inc.com/strict-uri-encode/download/strict-uri-encode-1.1.0.tgz#279b225df1d582b1f54e65addd4352e18faa0713"

string_decoder@~0.10.x:
  version "0.10.31"
  resolved "http://registry.npm.qima-inc.com/string_decoder/download/string_decoder-0.10.31.tgz#62e203bc41766c6c28c9fc84301dab1c5310fa94"

thenify-all@^1.0.0:
  version "1.6.0"
  resolved "http://registry.npm.qima-inc.com/thenify-all/download/thenify-all-1.6.0.tgz#1a1918d402d8fc3f98fbf234db0bcc8cc10e9726"
  dependencies:
    thenify ">= 3.1.0 < 4"

"thenify@>= 3.1.0 < 4":
  version "3.3.0"
  resolved "http://registry.npm.qima-inc.com/thenify/download/thenify-3.3.0.tgz#e69e38a1babe969b0108207978b9f62b88604839"
  dependencies:
    any-promise "^1.0.0"

to-array@0.1.4:
  version "0.1.4"
  resolved "http://registry.npm.qima-inc.com/to-array/download/to-array-0.1.4.tgz#17e6c11f73dd4f3d74cda7a4ff3238e9ad9bf890"

to-integer@^1.0.1:
  version "1.0.1"
  resolved "https://registry.yarnpkg.com/to-integer/-/to-integer-1.0.1.tgz#511ad41dce6a93730a8f3b6e35a164fd829464da"
  dependencies:
    is-function "^1.0.1"
    is-nil "^1.0.0"
    is-object "^1.0.1"
    is-symbol "^1.0.1"

type-is@^1.5.5, type-is@^1.6.14:
  version "1.6.15"
  resolved "http://registry.npm.qima-inc.com/type-is/download/type-is-1.6.15.tgz#cab10fb4909e441c82842eafe1ad646c81804410"
  dependencies:
    media-typer "0.3.0"
    mime-types "~2.1.15"

ultron@1.0.x:
  version "1.0.2"
  resolved "http://registry.npm.qima-inc.com/ultron/download/ultron-1.0.2.tgz#ace116ab557cd197386a4e88f4685378c8b2e4fa"

unpipe@1.0.0:
  version "1.0.0"
  resolved "http://registry.npm.qima-inc.com/unpipe/download/unpipe-1.0.0.tgz#b2bf4ee8514aae6165b4817829d21b2ef49904ec"

urijs@^1.19.0:
  version "1.19.6"
  resolved "https://registry.yarnpkg.com/urijs/-/urijs-1.19.6.tgz#51f8cb17ca16faefb20b9a31ac60f84aa2b7c870"

uuid@^3.3.3:
  version "3.4.0"
  resolved "https://registry.yarnpkg.com/uuid/-/uuid-3.4.0.tgz#b23e4358afa8a202fe7a100af1f5f883f02007ee"

vary@^1.0.0:
  version "1.1.2"
  resolved "http://registry.npm.qima-inc.com/vary/download/vary-1.1.2.tgz#2299f02c6ded30d4a5961b0b9f74524a18f634fc"

verror@^1.4.0:
  version "1.10.0"
  resolved "https://registry.yarnpkg.com/verror/-/verror-1.10.0.tgz#3a105ca17053af55d6e270c1f8288682e18da400"
  dependencies:
    assert-plus "^1.0.0"
    core-util-is "1.0.2"
    extsprintf "^1.2.0"

which@^1.3.0:
  version "1.3.0"
  resolved "http://registry.npm.qima-inc.com/which/download/which-1.3.0.tgz#ff04bdfc010ee547d780bec38e1ac1c2777d253a"
  dependencies:
    isexe "^2.0.0"

ws@~1.1.5:
  version "1.1.5"
  resolved "http://registry.npm.qima-inc.com/ws/download/ws-1.1.5.tgz#cbd9e6e75e09fc5d2c90015f21f0c40875e0dd51"
  dependencies:
    options ">=0.0.5"
    ultron "1.0.x"

wtf-8@1.0.0:
  version "1.0.0"
  resolved "http://registry.npm.qima-inc.com/wtf-8/download/wtf-8-1.0.0.tgz#392d8ba2d0f1c34d1ee2d630f15d0efb68e1048a"

xmlhttprequest-ssl@1.5.3:
  version "1.5.3"
  resolved "http://registry.npm.qima-inc.com/xmlhttprequest-ssl/download/xmlhttprequest-ssl-1.5.3.tgz#185a888c04eca46c3e4070d99f7b49de3528992d"

yallist@^2.1.2:
  version "2.1.2"
  resolved "http://registry.npm.qima-inc.com/yallist/download/yallist-2.1.2.tgz#1c11f9218f076089a47dd512f93c6699a6a81d52"

yeast@0.1.2:
  version "0.1.2"
  resolved "http://registry.npm.qima-inc.com/yeast/download/yeast-0.1.2.tgz#008e06d8094320c372dbc2f8ed76a0ca6c8ac419"
